
Microsoft Visual Studio Solution File, Format Version 12.00
# Visual Studio Version 17
VisualStudioVersion = 17.7.34018.315
MinimumVisualStudioVersion = 10.0.40219.1
Project("{FAE04EC0-301F-11D3-BF4B-00C04F79EFBC}") = "banking_project", "banking_project\banking_project.csproj", "{50D80748-72F0-423D-97D9-E4EF3B644C32}"
EndProject
Global
	GlobalSection(SolutionConfigurationPlatforms) = preSolution
		Debug|Any CPU = Debug|Any CPU
		Release|Any CPU = Release|Any CPU
	EndGlobalSection
	GlobalSection(ProjectConfigurationPlatforms) = postSolution
		{50D80748-72F0-423D-97D9-E4EF3B644C32}.Debug|Any CPU.ActiveCfg = Debug|Any CPU
		{50D80748-72F0-423D-97D9-E4EF3B644C32}.Debug|Any CPU.Build.0 = Debug|Any CPU
		{50D80748-72F0-423D-97D9-E4EF3B644C32}.Release|Any CPU.ActiveCfg = Release|Any CPU
		{50D80748-72F0-423D-97D9-E4EF3B644C32}.Release|Any CPU.Build.0 = Release|Any CPU
	EndGlobalSection
	GlobalSection(SolutionProperties) = preSolution
		HideSolutionNode = FALSE
	EndGlobalSection
	GlobalSection(ExtensibilityGlobals) = postSolution
		SolutionGuid = {DE36ACF6-14B7-410F-90ED-A8110A0BF517}
	EndGlobalSection
EndGlobal
